# This file is automatically @generated by Cargo.
# It is not intended for manual editing.
version = 3

[[package]]
name = "day1-2017"
version = "0.1.0"
dependencies = [
 "shared",
]

[[package]]
name = "day1-2023"
version = "0.1.0"
dependencies = [
 "shared",
]

[[package]]
name = "day10-2017"
version = "0.1.0"
dependencies = [
 "shared",
]

[[package]]
name = "day10-2023"
version = "0.1.0"
dependencies = [
 "shared",
]

[[package]]
name = "day11-2017"
version = "0.1.0"
dependencies = [
 "shared",
]

[[package]]
name = "day11-2023"
version = "0.1.0"
dependencies = [
 "shared",
]

[[package]]
name = "day12-2017"
version = "0.1.0"
dependencies = [
 "shared",
]

[[package]]
name = "day12-2023"
version = "0.1.0"
dependencies = [
 "shared",
]

[[package]]
name = "day2-2017"
version = "0.1.0"
dependencies = [
 "shared",
]

[[package]]
name = "day2-2023"
version = "0.1.0"
dependencies = [
 "shared",
]

[[package]]
name = "day3-2017"
version = "0.1.0"
dependencies = [
 "shared",
]

[[package]]
name = "day3-2023"
version = "0.1.0"
dependencies = [
 "shared",
]

[[package]]
name = "day4-2017"
version = "0.1.0"
dependencies = [
 "shared",
]

[[package]]
name = "day4-2023"
version = "0.1.0"
dependencies = [
 "shared",
]

[[package]]
name = "day5-2017"
version = "0.1.0"
dependencies = [
 "shared",
]

[[package]]
name = "day5-2023"
version = "0.1.0"
dependencies = [
 "shared",
]

[[package]]
name = "day6-2017"
version = "0.1.0"
dependencies = [
 "shared",
]

[[package]]
name = "day6-2023"
version = "0.1.0"
dependencies = [
 "shared",
]

[[package]]
name = "day7-2017"
version = "0.1.0"
dependencies = [
 "shared",
]

[[package]]
name = "day7-2023"
version = "0.1.0"
dependencies = [
 "shared",
]

[[package]]
name = "day8-2017"
version = "0.1.0"
dependencies = [
 "shared",
]

[[package]]
name = "day8-2023"
version = "0.1.0"
dependencies = [
 "shared",
]

[[package]]
name = "day9-2017"
version = "0.1.0"
dependencies = [
 "shared",
]

[[package]]
name = "day9-2023"
version = "0.1.0"
dependencies = [
 "shared",
]

[[package]]
name = "shared"
version = "0.1.0"
